
Microsoft Visual Studio Solution File, Format Version 12.00
# Visual Studio Version 17
VisualStudioVersion = 17.6.33801.468
MinimumVisualStudioVersion = 10.0.40219.1
Project("{9A19103F-16F7-4668-BE54-9A1E7A4F7556}") = "MediaStepTestProject", "MediaStepTestProject\MediaStepTestProject.csproj", "{144B187A-94A9-44D2-A732-A9847857358D}"
EndProject
Global
	GlobalSection(SolutionConfigurationPlatforms) = preSolution
		Debug|Any CPU = Debug|Any CPU
		Release|Any CPU = Release|Any CPU
	EndGlobalSection
	GlobalSection(ProjectConfigurationPlatforms) = postSolution
		{144B187A-94A9-44D2-A732-A9847857358D}.Debug|Any CPU.ActiveCfg = Debug|Any CPU
		{144B187A-94A9-44D2-A732-A9847857358D}.Debug|Any CPU.Build.0 = Debug|Any CPU
		{144B187A-94A9-44D2-A732-A9847857358D}.Release|Any CPU.ActiveCfg = Release|Any CPU
		{144B187A-94A9-44D2-A732-A9847857358D}.Release|Any CPU.Build.0 = Release|Any CPU
	EndGlobalSection
	GlobalSection(SolutionProperties) = preSolution
		HideSolutionNode = FALSE
	EndGlobalSection
	GlobalSection(ExtensibilityGlobals) = postSolution
		SolutionGuid = {40F975A4-ACB5-47BC-90CE-F20667C1F12F}
	EndGlobalSection
EndGlobal
